// !$*UTF8*$!
{
	archiveVersion = 1;
	classes = {
	};
	objectVersion = 46;
	objects = {

/* Begin PBXBuildFile section */
		08DFCF591C76B6CA00483D4E /* main.m in Sources */ = {isa = PBXBuildFile; fileRef = 08DFCF581C76B6CA00483D4E /* main.m */; };
		08DFCF5C1C76B6CA00483D4E /* AppDelegate.m in Sources */ = {isa = PBXBuildFile; fileRef = 08DFCF5B1C76B6CA00483D4E /* AppDelegate.m */; };
		08DFCF5F1C76B6CA00483D4E /* ViewController.m in Sources */ = {isa = PBXBuildFile; fileRef = 08DFCF5E1C76B6CA00483D4E /* ViewController.m */; };
		08DFCF621C76B6CA00483D4E /* Main.storyboard in Resources */ = {isa = PBXBuildFile; fileRef = 08DFCF601C76B6CA00483D4E /* Main.storyboard */; };
		08DFCF641C76B6CA00483D4E /* Assets.xcassets in Resources */ = {isa = PBXBuildFile; fileRef = 08DFCF631C76B6CA00483D4E /* Assets.xcassets */; };
		08DFCF671C76B6CA00483D4E /* LaunchScreen.storyboard in Resources */ = {isa = PBXBuildFile; fileRef = 08DFCF651C76B6CA00483D4E /* LaunchScreen.storyboard */; };
		08DFCF721C76B6CA00483D4E /* CIImageToolDemoTests.m in Sources */ = {isa = PBXBuildFile; fileRef = 08DFCF711C76B6CA00483D4E /* CIImageToolDemoTests.m */; };
		08DFCF7D1C76B6CB00483D4E /* CIImageToolDemoUITests.m in Sources */ = {isa = PBXBuildFile; fileRef = 08DFCF7C1C76B6CA00483D4E /* CIImageToolDemoUITests.m */; };
		08DFCF8C1C76B6DD00483D4E /* CIImageTool.m in Sources */ = {isa = PBXBuildFile; fileRef = 08DFCF8B1C76B6DD00483D4E /* CIImageTool.m */; };
/* End PBXBuildFile section */

/* Begin PBXContainerItemProxy section */
		08DFCF6E1C76B6CA00483D4E /* PBXContainerItemProxy */ = {
			isa = PBXContainerItemProxy;
			containerPortal = 08DFCF4C1C76B6CA00483D4E /* Project object */;
			proxyType = 1;
			remoteGlobalIDString = 08DFCF531C76B6CA00483D4E;
			remoteInfo = CIImageToolDemo;
		};
		08DFCF791C76B6CA00483D4E /* PBXContainerItemProxy */ = {
			isa = PBXContainerItemProxy;
			containerPortal = 08DFCF4C1C76B6CA00483D4E /* Project object */;
			proxyType = 1;
			remoteGlobalIDString = 08DFCF531C76B6CA00483D4E;
			remoteInfo = CIImageToolDemo;
		};
/* End PBXContainerItemProxy section */

/* Begin PBXFileReference section */
		08DFCF541C76B6CA00483D4E /* CIImageToolDemo.app */ = {isa = PBXFileReference; explicitFileType = wrapper.application; includeInIndex = 0; path = CIImageToolDemo.app; sourceTree = BUILT_PRODUCTS_DIR; };
		08DFCF581C76B6CA00483D4E /* main.m */ = {isa = PBXFileReference; lastKnownFileType = sourcecode.c.objc; path = main.m; sourceTree = "<group>"; };
		08DFCF5A1C76B6CA00483D4E /* AppDelegate.h */ = {isa = PBXFileReference; lastKnownFileType = sourcecode.c.h; path = AppDelegate.h; sourceTree = "<group>"; };
		08DFCF5B1C76B6CA00483D4E /* AppDelegate.m */ = {isa = PBXFileReference; lastKnownFileType = sourcecode.c.objc; path = AppDelegate.m; sourceTree = "<group>"; };
		08DFCF5D1C76B6CA00483D4E /* ViewController.h */ = {isa = PBXFileReference; lastKnownFileType = sourcecode.c.h; path = ViewController.h; sourceTree = "<group>"; };
		08DFCF5E1C76B6CA00483D4E /* ViewController.m */ = {isa = PBXFileReference; lastKnownFileType = sourcecode.c.objc; path = ViewController.m; sourceTree = "<group>"; };
		08DFCF611C76B6CA00483D4E /* Base */ = {isa = PBXFileReference; lastKnownFileType = file.storyboard; name = Base; path = Base.lproj/Main.storyboard; sourceTree = "<group>"; };
		08DFCF631C76B6CA00483D4E /* Assets.xcassets */ = {isa = PBXFileReference; lastKnownFileType = folder.assetcatalog; path = Assets.xcassets; sourceTree = "<group>"; };
		08DFCF661C76B6CA00483D4E /* Base */ = {isa = PBXFileReference; lastKnownFileType = file.storyboard; name = Base; path = Base.lproj/LaunchScreen.storyboard; sourceTree = "<group>"; };
		08DFCF681C76B6CA00483D4E /* Info.plist */ = {isa = PBXFileReference; lastKnownFileType = text.plist.xml; path = Info.plist; sourceTree = "<group>"; };
		08DFCF6D1C76B6CA00483D4E /* CIImageToolDemoTests.xctest */ = {isa = PBXFileReference; explicitFileType = wrapper.cfbundle; includeInIndex = 0; path = CIImageToolDemoTests.xctest; sourceTree = BUILT_PRODUCTS_DIR; };
		08DFCF711C76B6CA00483D4E /* CIImageToolDemoTests.m */ = {isa = PBXFileReference; lastKnownFileType = sourcecode.c.objc; path = CIImageToolDemoTests.m; sourceTree = "<group>"; };
		08DFCF731C76B6CA00483D4E /* Info.plist */ = {isa = PBXFileReference; lastKnownFileType = text.plist.xml; path = Info.plist; sourceTree = "<group>"; };
		08DFCF781C76B6CA00483D4E /* CIImageToolDemoUITests.xctest */ = {isa = PBXFileReference; explicitFileType = wrapper.cfbundle; includeInIndex = 0; path = CIImageToolDemoUITests.xctest; sourceTree = BUILT_PRODUCTS_DIR; };
		08DFCF7C1C76B6CA00483D4E /* CIImageToolDemoUITests.m */ = {isa = PBXFileReference; lastKnownFileType = sourcecode.c.objc; path = CIImageToolDemoUITests.m; sourceTree = "<group>"; };
		08DFCF7E1C76B6CB00483D4E /* Info.plist */ = {isa = PBXFileReference; lastKnownFileType = text.plist.xml; path = Info.plist; sourceTree = "<group>"; };
		08DFCF8A1C76B6DD00483D4E /* CIImageTool.h */ = {isa = PBXFileReference; fileEncoding = 4; lastKnownFileType = sourcecode.c.h; path = CIImageTool.h; sourceTree = "<group>"; };
		08DFCF8B1C76B6DD00483D4E /* CIImageTool.m */ = {isa = PBXFileReference; fileEncoding = 4; lastKnownFileType = sourcecode.c.objc; path = CIImageTool.m; sourceTree = "<group>"; };
/* End PBXFileReference section */

/* Begin PBXFrameworksBuildPhase section */
		08DFCF511C76B6CA00483D4E /* Frameworks */ = {
			isa = PBXFrameworksBuildPhase;
			buildActionMask = 2147483647;
			files = (
			);
			runOnlyForDeploymentPostprocessing = 0;
		};
		08DFCF6A1C76B6CA00483D4E /* Frameworks */ = {
			isa = PBXFrameworksBuildPhase;
			buildActionMask = 2147483647;
			files = (
			);
			runOnlyForDeploymentPostprocessing = 0;
		};
		08DFCF751C76B6CA00483D4E /* Frameworks */ = {
			isa = PBXFrameworksBuildPhase;
			buildActionMask = 2147483647;
			files = (
			);
			runOnlyForDeploymentPostprocessing = 0;
		};
/* End PBXFrameworksBuildPhase section */

/* Begin PBXGroup section */
		08DFCF4B1C76B6CA00483D4E = {
			isa = PBXGroup;
			children = (
				08DFCF8A1C76B6DD00483D4E /* CIImageTool.h */,
				08DFCF8B1C76B6DD00483D4E /* CIImageTool.m */,
				08DFCF561C76B6CA00483D4E /* CIImageToolDemo */,
				08DFCF701C76B6CA00483D4E /* CIImageToolDemoTests */,
				08DFCF7B1C76B6CA00483D4E /* CIImageToolDemoUITests */,
				08DFCF551C76B6CA00483D4E /* Products */,
			);
			sourceTree = "<group>";
		};
		08DFCF551C76B6CA00483D4E /* Products */ = {
			isa = PBXGroup;
			children = (
				08DFCF541C76B6CA00483D4E /* CIImageToolDemo.app */,
				08DFCF6D1C76B6CA00483D4E /* CIImageToolDemoTests.xctest */,
				08DFCF781C76B6CA00483D4E /* CIImageToolDemoUITests.xctest */,
			);
			name = Products;
			sourceTree = "<group>";
		};
		08DFCF561C76B6CA00483D4E /* CIImageToolDemo */ = {
			isa = PBXGroup;
			children = (
				08DFCF5A1C76B6CA00483D4E /* AppDelegate.h */,
				08DFCF5B1C76B6CA00483D4E /* AppDelegate.m */,
				08DFCF5D1C76B6CA00483D4E /* ViewController.h */,
				08DFCF5E1C76B6CA00483D4E /* ViewController.m */,
				08DFCF601C76B6CA00483D4E /* Main.storyboard */,
				08DFCF631C76B6CA00483D4E /* Assets.xcassets */,
				08DFCF651C76B6CA00483D4E /* LaunchScreen.storyboard */,
				08DFCF681C76B6CA00483D4E /* Info.plist */,
				08DFCF571C76B6CA00483D4E /* Supporting Files */,
			);
			path = CIImageToolDemo;
			sourceTree = "<group>";
		};
		08DFCF571C76B6CA00483D4E /* Supporting Files */ = {
			isa = PBXGroup;
			children = (
				08DFCF581C76B6CA00483D4E /* main.m */,
			);
			name = "Supporting Files";
			sourceTree = "<group>";
		};
		08DFCF701C76B6CA00483D4E /* CIImageToolDemoTests */ = {
			isa = PBXGroup;
			children = (
				08DFCF711C76B6CA00483D4E /* CIImageToolDemoTests.m */,
				08DFCF731C76B6CA00483D4E /* Info.plist */,
			);
			path = CIImageToolDemoTests;
			sourceTree = "<group>";
		};
		08DFCF7B1C76B6CA00483D4E /* CIImageToolDemoUITests */ = {
			isa = PBXGroup;
			children = (
				08DFCF7C1C76B6CA00483D4E /* CIImageToolDemoUITests.m */,
				08DFCF7E1C76B6CB00483D4E /* Info.plist */,
			);
			path = CIImageToolDemoUITests;
			sourceTree = "<group>";
		};
/* End PBXGroup section */

/* Begin PBXNativeTarget section */
		08DFCF531C76B6CA00483D4E /* CIImageToolDemo */ = {
			isa = PBXNativeTarget;
			buildConfigurationList = 08DFCF811C76B6CB00483D4E /* Build configuration list for PBXNativeTarget "CIImageToolDemo" */;
			buildPhases = (
				08DFCF501C76B6CA00483D4E /* Sources */,
				08DFCF511C76B6CA00483D4E /* Frameworks */,
				08DFCF521C76B6CA00483D4E /* Resources */,
			);
			buildRules = (
			);
			dependencies = (
			);
			name = CIImageToolDemo;
			productName = CIImageToolDemo;
			productReference = 08DFCF541C76B6CA00483D4E /* CIImageToolDemo.app */;
			productType = "com.apple.product-type.application";
		};
		08DFCF6C1C76B6CA00483D4E /* CIImageToolDemoTests */ = {
			isa = PBXNativeTarget;
			buildConfigurationList = 08DFCF841C76B6CB00483D4E /* Build configuration list for PBXNativeTarget "CIImageToolDemoTests" */;
			buildPhases = (
				08DFCF691C76B6CA00483D4E /* Sources */,
				08DFCF6A1C76B6CA00483D4E /* Frameworks */,
				08DFCF6B1C76B6CA00483D4E /* Resources */,
			);
			buildRules = (
			);
			dependencies = (
				08DFCF6F1C76B6CA00483D4E /* PBXTargetDependency */,
			);
			name = CIImageToolDemoTests;
			productName = CIImageToolDemoTests;
			productReference = 08DFCF6D1C76B6CA00483D4E /* CIImageToolDemoTests.xctest */;
			productType = "com.apple.product-type.bundle.unit-test";
		};
		08DFCF771C76B6CA00483D4E /* CIImageToolDemoUITests */ = {
			isa = PBXNativeTarget;
			buildConfigurationList = 08DFCF871C76B6CB00483D4E /* Build configuration list for PBXNativeTarget "CIImageToolDemoUITests" */;
			buildPhases = (
				08DFCF741C76B6CA00483D4E /* Sources */,
				08DFCF751C76B6CA00483D4E /* Frameworks */,
				08DFCF761C76B6CA00483D4E /* Resources */,
			);
			buildRules = (
			);
			dependencies = (
				08DFCF7A1C76B6CA00483D4E /* PBXTargetDependency */,
			);
			name = CIImageToolDemoUITests;
			productName = CIImageToolDemoUITests;
			productReference = 08DFCF781C76B6CA00483D4E /* CIImageToolDemoUITests.xctest */;
			productType = "com.apple.product-type.bundle.ui-testing";
		};
/* End PBXNativeTarget section */

/* Begin PBXProject section */
		08DFCF4C1C76B6CA00483D4E /* Project object */ = {
			isa = PBXProject;
			attributes = {
				LastUpgradeCheck = 0720;
				ORGANIZATIONNAME = jiangtd;
				TargetAttributes = {
					08DFCF531C76B6CA00483D4E = {
						CreatedOnToolsVersion = 7.2.1;
					};
					08DFCF6C1C76B6CA00483D4E = {
						CreatedOnToolsVersion = 7.2.1;
						TestTargetID = 08DFCF531C76B6CA00483D4E;
					};
					08DFCF771C76B6CA00483D4E = {
						CreatedOnToolsVersion = 7.2.1;
						TestTargetID = 08DFCF531C76B6CA00483D4E;
					};
				};
			};
			buildConfigurationList = 08DFCF4F1C76B6CA00483D4E /* Build configuration list for PBXProject "CIImageToolDemo" */;
			compatibilityVersion = "Xcode 3.2";
			developmentRegion = English;
			hasScannedForEncodings = 0;
			knownRegions = (
				en,
				Base,
			);
			mainGroup = 08DFCF4B1C76B6CA00483D4E;
			productRefGroup = 08DFCF551C76B6CA00483D4E /* Products */;
			projectDirPath = "";
			projectRoot = "";
			targets = (
				08DFCF531C76B6CA00483D4E /* CIImageToolDemo */,
				08DFCF6C1C76B6CA00483D4E /* CIImageToolDemoTests */,
				08DFCF771C76B6CA00483D4E /* CIImageToolDemoUITests */,
			);
		};
/* End PBXProject section */

/* Begin PBXResourcesBuildPhase section */
		08DFCF521C76B6CA00483D4E /* Resources */ = {
			isa = PBXResourcesBuildPhase;
			buildActionMask = 2147483647;
			files = (
				08DFCF671C76B6CA00483D4E /* LaunchScreen.storyboard in Resources */,
				08DFCF641C76B6CA00483D4E /* Assets.xcassets in Resources */,
				08DFCF621C76B6CA00483D4E /* Main.storyboard in Resources */,
			);
			runOnlyForDeploymentPostprocessing = 0;
		};
		08DFCF6B1C76B6CA00483D4E /* Resources */ = {
			isa = PBXResourcesBuildPhase;
			buildActionMask = 2147483647;
			files = (
			);
			runOnlyForDeploymentPostprocessing = 0;
		};
		08DFCF761C76B6CA00483D4E /* Resources */ = {
			isa = PBXResourcesBuildPhase;
			buildActionMask = 2147483647;
			files = (
			);
			runOnlyForDeploymentPostprocessing = 0;
		};
/* End PBXResourcesBuildPhase section */

/* Begin PBXSourcesBuildPhase section */
		08DFCF501C76B6CA00483D4E /* Sources */ = {
			isa = PBXSourcesBuildPhase;
			buildActionMask = 2147483647;
			files = (
				08DFCF5F1C76B6CA00483D4E /* ViewController.m in Sources */,
				08DFCF8C1C76B6DD00483D4E /* CIImageTool.m in Sources */,
				08DFCF5C1C76B6CA00483D4E /* AppDelegate.m in Sources */,
				08DFCF591C76B6CA00483D4E /* main.m in Sources */,
			);
			runOnlyForDeploymentPostprocessing = 0;
		};
		08DFCF691C76B6CA00483D4E /* Sources */ = {
			isa = PBXSourcesBuildPhase;
			buildActionMask = 2147483647;
			files = (
				08DFCF721C76B6CA00483D4E /* CIImageToolDemoTests.m in Sources */,
			);
			runOnlyForDeploymentPostprocessing = 0;
		};
		08DFCF741C76B6CA00483D4E /* Sources */ = {
			isa = PBXSourcesBuildPhase;
			buildActionMask = 2147483647;
			files = (
				08DFCF7D1C76B6CB00483D4E /* CIImageToolDemoUITests.m in Sources */,
			);
			runOnlyForDeploymentPostprocessing = 0;
		};
/* End PBXSourcesBuildPhase section */

/* Begin PBXTargetDependency section */
		08DFCF6F1C76B6CA00483D4E /* PBXTargetDependency */ = {
			isa = PBXTargetDependency;
			target = 08DFCF531C76B6CA00483D4E /* CIImageToolDemo */;
			targetProxy = 08DFCF6E1C76B6CA00483D4E /* PBXContainerItemProxy */;
		};
		08DFCF7A1C76B6CA00483D4E /* PBXTargetDependency */ = {
			isa = PBXTargetDependency;
			target = 08DFCF531C76B6CA00483D4E /* CIImageToolDemo */;
			targetProxy = 08DFCF791C76B6CA00483D4E /* PBXContainerItemProxy */;
		};
/* End PBXTargetDependency section */

/* Begin PBXVariantGroup section */
		08DFCF601C76B6CA00483D4E /* Main.storyboard */ = {
			isa = PBXVariantGroup;
			children = (
				08DFCF611C76B6CA00483D4E /* Base */,
			);
			name = Main.storyboard;
			sourceTree = "<group>";
		};
		08DFCF651C76B6CA00483D4E /* LaunchScreen.storyboard */ = {
			isa = PBXVariantGroup;
			children = (
				08DFCF661C76B6CA00483D4E /* Base */,
			);
			name = LaunchScreen.storyboard;
			sourceTree = "<group>";
		};
/* End PBXVariantGroup section */

/* Begin XCBuildConfiguration section */
		08DFCF7F1C76B6CB00483D4E /* Debug */ = {
			isa = XCBuildConfiguration;
			buildSettings = {
				ALWAYS_SEARCH_USER_PATHS = NO;
				CLANG_CXX_LANGUAGE_STANDARD = "gnu++0x";
				CLANG_CXX_LIBRARY = "libc++";
				CLANG_ENABLE_MODULES = YES;
				CLANG_ENABLE_OBJC_ARC = YES;
				CLANG_WARN_BOOL_CONVERSION = YES;
				CLANG_WARN_CONSTANT_CONVERSION = YES;
				CLANG_WARN_DIRECT_OBJC_ISA_USAGE = YES_ERROR;
				CLANG_WARN_EMPTY_BODY = YES;
				CLANG_WARN_ENUM_CONVERSION = YES;
				CLANG_WARN_INT_CONVERSION = YES;
				CLANG_WARN_OBJC_ROOT_CLASS = YES_ERROR;
				CLANG_WARN_UNREACHABLE_CODE = YES;
				CLANG_WARN__DUPLICATE_METHOD_MATCH = YES;
				"CODE_SIGN_IDENTITY[sdk=iphoneos*]" = "iPhone Developer";
				COPY_PHASE_STRIP = NO;
				DEBUG_INFORMATION_FORMAT = dwarf;
				ENABLE_STRICT_OBJC_MSGSEND = YES;
				ENABLE_TESTABILITY = YES;
				GCC_C_LANGUAGE_STANDARD = gnu99;
				GCC_DYNAMIC_NO_PIC = NO;
				GCC_NO_COMMON_BLOCKS = YES;
				GCC_OPTIMIZATION_LEVEL = 0;
				GCC_PREPROCESSOR_DEFINITIONS = (
					"DEBUG=1",
					"$(inherited)",
				);
				GCC_WARN_64_TO_32_BIT_CONVERSION = YES;
				GCC_WARN_ABOUT_RETURN_TYPE = YES_ERROR;
				GCC_WARN_UNDECLARED_SELECTOR = YES;
				GCC_WARN_UNINITIALIZED_AUTOS = YES_AGGRESSIVE;
				GCC_WARN_UNUSED_FUNCTION = YES;
				GCC_WARN_UNUSED_VARIABLE = YES;
				IPHONEOS_DEPLOYMENT_TARGET = 9.2;
				MTL_ENABLE_DEBUG_INFO = YES;
				ONLY_ACTIVE_ARCH = YES;
				SDKROOT = iphoneos;
			};
			name = Debug;
		};
		08DFCF801C76B6CB00483D4E /* Release */ = {
			isa = XCBuildConfiguration;
			buildSettings = {
				ALWAYS_SEARCH_USER_PATHS = NO;
				CLANG_CXX_LANGUAGE_STANDARD = "gnu++0x";
				CLANG_CXX_LIBRARY = "libc++";
				CLANG_ENABLE_MODULES = YES;
				CLANG_ENABLE_OBJC_ARC = YES;
				CLANG_WARN_BOOL_CONVERSION = YES;
				CLANG_WARN_CONSTANT_CONVERSION = YES;
				CLANG_WARN_DIRECT_OBJC_ISA_USAGE = YES_ERROR;
				CLANG_WARN_EMPTY_BODY = YES;
				CLANG_WARN_ENUM_CONVERSION = YES;
				CLANG_WARN_INT_CONVERSION = YES;
				CLANG_WARN_OBJC_ROOT_CLASS = YES_ERROR;
				CLANG_WARN_UNREACHABLE_CODE = YES;
				CLANG_WARN__DUPLICATE_METHOD_MATCH = YES;
				"CODE_SIGN_IDENTITY[sdk=iphoneos*]" = "iPhone Developer";
				COPY_PHASE_STRIP = NO;
				DEBUG_INFORMATION_FORMAT = "dwarf-with-dsym";
				ENABLE_NS_ASSERTIONS = NO;
				ENABLE_STRICT_OBJC_MSGSEND = YES;
				GCC_C_LANGUAGE_STANDARD = gnu99;
				GCC_NO_COMMON_BLOCKS = YES;
				GCC_WARN_64_TO_32_BIT_CONVERSION = YES;
				GCC_WARN_ABOUT_RETURN_TYPE = YES_ERROR;
				GCC_WARN_UNDECLARED_SELECTOR = YES;
				GCC_WARN_UNINITIALIZED_AUTOS = YES_AGGRESSIVE;
				GCC_WARN_UNUSED_FUNCTION = YES;
				GCC_WARN_UNUSED_VARIABLE = YES;
				IPHONEOS_DEPLOYMENT_TARGET = 9.2;
				MTL_ENABLE_DEBUG_INFO = NO;
				SDKROOT = iphoneos;
				VALIDATE_PRODUCT = YES;
			};
			name = Release;
		};
		08DFCF821C76B6CB00483D4E /* Debug */ = {
			isa = XCBuildConfiguration;
			buildSettings = {
				ASSETCATALOG_COMPILER_APPICON_NAME = AppIcon;
				INFOPLIST_FILE = CIImageToolDemo/Info.plist;
				LD_RUNPATH_SEARCH_PATHS = "$(inherited) @executable_path/Frameworks";
				PRODUCT_BUNDLE_IDENTIFIER = j.t.d.CIImageToolDemo;
				PRODUCT_NAME = "$(TARGET_NAME)";
			};
			name = Debug;
		};
		08DFCF831C76B6CB00483D4E /* Release */ = {
			isa = XCBuildConfiguration;
			buildSettings = {
				ASSETCATALOG_COMPILER_APPICON_NAME = AppIcon;
				INFOPLIST_FILE = CIImageToolDemo/Info.plist;
				LD_RUNPATH_SEARCH_PATHS = "$(inherited) @executable_path/Frameworks";
				PRODUCT_BUNDLE_IDENTIFIER = j.t.d.CIImageToolDemo;
				PRODUCT_NAME = "$(TARGET_NAME)";
			};
			name = Release;
		};
		08DFCF851C76B6CB00483D4E /* Debug */ = {
			isa = XCBuildConfiguration;
			buildSettings = {
				BUNDLE_LOADER = "$(TEST_HOST)";
				INFOPLIST_FILE = CIImageToolDemoTests/Info.plist;
				LD_RUNPATH_SEARCH_PATHS = "$(inherited) @executable_path/Frameworks @loader_path/Frameworks";
				PRODUCT_BUNDLE_IDENTIFIER = j.t.d.CIImageToolDemoTests;
				PRODUCT_NAME = "$(TARGET_NAME)";
				TEST_HOST = "$(BUILT_PRODUCTS_DIR)/CIImageToolDemo.app/CIImageToolDemo";
			};
			name = Debug;
		};
		08DFCF861C76B6CB00483D4E /* Release */ = {
			isa = XCBuildConfiguration;
			buildSettings = {
				BUNDLE_LOADER = "$(TEST_HOST)";
				INFOPLIST_FILE = CIImageToolDemoTests/Info.plist;
				LD_RUNPATH_SEARCH_PATHS = "$(inherited) @executable_path/Frameworks @loader_path/Frameworks";
				PRODUCT_BUNDLE_IDENTIFIER = j.t.d.CIImageToolDemoTests;
				PRODUCT_NAME = "$(TARGET_NAME)";
				TEST_HOST = "$(BUILT_PRODUCTS_DIR)/CIImageToolDemo.app/CIImageToolDemo";
			};
			name = Release;
		};
		08DFCF881C76B6CB00483D4E /* Debug */ = {
			isa = XCBuildConfiguration;
			buildSettings = {
				INFOPLIST_FILE = CIImageToolDemoUITests/Info.plist;
				LD_RUNPATH_SEARCH_PATHS = "$(inherited) @executable_path/Frameworks @loader_path/Frameworks";
				PRODUCT_BUNDLE_IDENTIFIER = j.t.d.CIImageToolDemoUITests;
				PRODUCT_NAME = "$(TARGET_NAME)";
				TEST_TARGET_NAME = CIImageToolDemo;
				USES_XCTRUNNER = YES;
			};
			name = Debug;
		};
		08DFCF891C76B6CB00483D4E /* Release */ = {
			isa = XCBuildConfiguration;
			buildSettings = {
				INFOPLIST_FILE = CIImageToolDemoUITests/Info.plist;
				LD_RUNPATH_SEARCH_PATHS = "$(inherited) @executable_path/Frameworks @loader_path/Frameworks";
				PRODUCT_BUNDLE_IDENTIFIER = j.t.d.CIImageToolDemoUITests;
				PRODUCT_NAME = "$(TARGET_NAME)";
				TEST_TARGET_NAME = CIImageToolDemo;
				USES_XCTRUNNER = YES;
			};
			name = Release;
		};
/* End XCBuildConfiguration section */

/* Begin XCConfigurationList section */
		08DFCF4F1C76B6CA00483D4E /* Build configuration list for PBXProject "CIImageToolDemo" */ = {
			isa = XCConfigurationList;
			buildConfigurations = (
				08DFCF7F1C76B6CB00483D4E /* Debug */,
				08DFCF801C76B6CB00483D4E /* Release */,
			);
			defaultConfigurationIsVisible = 0;
			defaultConfigurationName = Release;
		};
		08DFCF811C76B6CB00483D4E /* Build configuration list for PBXNativeTarget "CIImageToolDemo" */ = {
			isa = XCConfigurationList;
			buildConfigurations = (
				08DFCF821C76B6CB00483D4E /* Debug */,
				08DFCF831C76B6CB00483D4E /* Release */,
			);
			defaultConfigurationIsVisible = 0;
		};
		08DFCF841C76B6CB00483D4E /* Build configuration list for PBXNativeTarget "CIImageToolDemoTests" */ = {
			isa = XCConfigurationList;
			buildConfigurations = (
				08DFCF851C76B6CB00483D4E /* Debug */,
				08DFCF861C76B6CB00483D4E /* Release */,
			);
			defaultConfigurationIsVisible = 0;
		};
		08DFCF871C76B6CB00483D4E /* Build configuration list for PBXNativeTarget "CIImageToolDemoUITests" */ = {
			isa = XCConfigurationList;
			buildConfigurations = (
				08DFCF881C76B6CB00483D4E /* Debug */,
				08DFCF891C76B6CB00483D4E /* Release */,
			);
			defaultConfigurationIsVisible = 0;
		};
/* End XCConfigurationList section */
	};
	rootObject = 08DFCF4C1C76B6CA00483D4E /* Project object */;
}
